
Microsoft Visual Studio Solution File, Format Version 12.00
# Visual Studio Version 17
VisualStudioVersion = 17.0.31919.166
MinimumVisualStudioVersion = 10.0.40219.1
Project("{9A19103F-16F7-4668-BE54-9A1E7A4F7556}") = "Panosen.Serialization.ElasticSearch", "Panosen.Serialization.ElasticSearch\Panosen.Serialization.ElasticSearch.csproj", "{3CA428BF-32C5-4368-90AB-C99B8515D580}"
EndProject
Project("{FAE04EC0-301F-11D3-BF4B-00C04F79EFBC}") = "Panosen.Serialization.ElasticSearch.MSTest", "Panosen.Serialization.ElasticSearch.MSTest\Panosen.Serialization.ElasticSearch.MSTest.csproj", "{4424874F-37CE-4BC7-82FA-C417DF426024}"
EndProject
Global
	GlobalSection(SolutionConfigurationPlatforms) = preSolution
		Debug|Any CPU = Debug|Any CPU
		Release|Any CPU = Release|Any CPU
	EndGlobalSection
	GlobalSection(ProjectConfigurationPlatforms) = postSolution
		{3CA428BF-32C5-4368-90AB-C99B8515D580}.Debug|Any CPU.ActiveCfg = Debug|Any CPU
		{3CA428BF-32C5-4368-90AB-C99B8515D580}.Debug|Any CPU.Build.0 = Debug|Any CPU
		{3CA428BF-32C5-4368-90AB-C99B8515D580}.Release|Any CPU.ActiveCfg = Release|Any CPU
		{3CA428BF-32C5-4368-90AB-C99B8515D580}.Release|Any CPU.Build.0 = Release|Any CPU
		{4424874F-37CE-4BC7-82FA-C417DF426024}.Debug|Any CPU.ActiveCfg = Debug|Any CPU
		{4424874F-37CE-4BC7-82FA-C417DF426024}.Debug|Any CPU.Build.0 = Debug|Any CPU
		{4424874F-37CE-4BC7-82FA-C417DF426024}.Release|Any CPU.ActiveCfg = Release|Any CPU
		{4424874F-37CE-4BC7-82FA-C417DF426024}.Release|Any CPU.Build.0 = Release|Any CPU
	EndGlobalSection
	GlobalSection(SolutionProperties) = preSolution
		HideSolutionNode = FALSE
	EndGlobalSection
	GlobalSection(ExtensibilityGlobals) = postSolution
		SolutionGuid = {79EA28A8-C6F5-4AD4-A71D-468073733B84}
	EndGlobalSection
EndGlobal
